// !$*UTF8*$!
{
	archiveVersion = 1;
	classes = {
	};
	objectVersion = 46;
	objects = {

/* Begin PBXBuildFile section */
		B639DB8F1B495ADD00DF6A81 /* LxTabBarController.swift in Sources */ = {isa = PBXBuildFile; fileRef = B639DB8E1B495ADD00DF6A81 /* LxTabBarController.swift */; };
		B6A91B381B482F2B0051B3DD /* AppDelegate.swift in Sources */ = {isa = PBXBuildFile; fileRef = B6A91B371B482F2B0051B3DD /* AppDelegate.swift */; };
		B6A91B3A1B482F2B0051B3DD /* ViewController.swift in Sources */ = {isa = PBXBuildFile; fileRef = B6A91B391B482F2B0051B3DD /* ViewController.swift */; };
		B6A91B3D1B482F2B0051B3DD /* Main.storyboard in Resources */ = {isa = PBXBuildFile; fileRef = B6A91B3B1B482F2B0051B3DD /* Main.storyboard */; };
		B6A91B3F1B482F2B0051B3DD /* Images.xcassets in Resources */ = {isa = PBXBuildFile; fileRef = B6A91B3E1B482F2B0051B3DD /* Images.xcassets */; };
		B6A91B421B482F2B0051B3DD /* LaunchScreen.xib in Resources */ = {isa = PBXBuildFile; fileRef = B6A91B401B482F2B0051B3DD /* LaunchScreen.xib */; };
/* End PBXBuildFile section */

/* Begin PBXFileReference section */
		B639DB8E1B495ADD00DF6A81 /* LxTabBarController.swift */ = {isa = PBXFileReference; fileEncoding = 4; lastKnownFileType = sourcecode.swift; name = LxTabBarController.swift; path = ../../LxTabBarController.swift; sourceTree = "<group>"; };
		B6A91B321B482F2B0051B3DD /* LxTabBarControllerDemo.app */ = {isa = PBXFileReference; explicitFileType = wrapper.application; includeInIndex = 0; path = LxTabBarControllerDemo.app; sourceTree = BUILT_PRODUCTS_DIR; };
		B6A91B361B482F2B0051B3DD /* Info.plist */ = {isa = PBXFileReference; lastKnownFileType = text.plist.xml; path = Info.plist; sourceTree = "<group>"; };
		B6A91B371B482F2B0051B3DD /* AppDelegate.swift */ = {isa = PBXFileReference; lastKnownFileType = sourcecode.swift; path = AppDelegate.swift; sourceTree = "<group>"; };
		B6A91B391B482F2B0051B3DD /* ViewController.swift */ = {isa = PBXFileReference; lastKnownFileType = sourcecode.swift; path = ViewController.swift; sourceTree = "<group>"; };
		B6A91B3C1B482F2B0051B3DD /* Base */ = {isa = PBXFileReference; lastKnownFileType = file.storyboard; name = Base; path = Base.lproj/Main.storyboard; sourceTree = "<group>"; };
		B6A91B3E1B482F2B0051B3DD /* Images.xcassets */ = {isa = PBXFileReference; lastKnownFileType = folder.assetcatalog; path = Images.xcassets; sourceTree = "<group>"; };
		B6A91B411B482F2B0051B3DD /* Base */ = {isa = PBXFileReference; lastKnownFileType = file.xib; name = Base; path = Base.lproj/LaunchScreen.xib; sourceTree = "<group>"; };
/* End PBXFileReference section */

/* Begin PBXFrameworksBuildPhase section */
		B6A91B2F1B482F2B0051B3DD /* Frameworks */ = {
			isa = PBXFrameworksBuildPhase;
			buildActionMask = 2147483647;
			files = (
			);
			runOnlyForDeploymentPostprocessing = 0;
		};
/* End PBXFrameworksBuildPhase section */

/* Begin PBXGroup section */
		B6A91B291B482F2B0051B3DD = {
			isa = PBXGroup;
			children = (
				B6A91B341B482F2B0051B3DD /* LxTabBarControllerDemo */,
				B6A91B331B482F2B0051B3DD /* Products */,
			);
			sourceTree = "<group>";
		};
		B6A91B331B482F2B0051B3DD /* Products */ = {
			isa = PBXGroup;
			children = (
				B6A91B321B482F2B0051B3DD /* LxTabBarControllerDemo.app */,
			);
			name = Products;
			sourceTree = "<group>";
		};
		B6A91B341B482F2B0051B3DD /* LxTabBarControllerDemo */ = {
			isa = PBXGroup;
			children = (
				B639DB8E1B495ADD00DF6A81 /* LxTabBarController.swift */,
				B6A91B391B482F2B0051B3DD /* ViewController.swift */,
				B6A91B371B482F2B0051B3DD /* AppDelegate.swift */,
				B6A91B351B482F2B0051B3DD /* Supporting Files */,
			);
			path = LxTabBarControllerDemo;
			sourceTree = "<group>";
		};
		B6A91B351B482F2B0051B3DD /* Supporting Files */ = {
			isa = PBXGroup;
			children = (
				B6A91B401B482F2B0051B3DD /* LaunchScreen.xib */,
				B6A91B3B1B482F2B0051B3DD /* Main.storyboard */,
				B6A91B3E1B482F2B0051B3DD /* Images.xcassets */,
				B6A91B361B482F2B0051B3DD /* Info.plist */,
			);
			name = "Supporting Files";
			sourceTree = "<group>";
		};
/* End PBXGroup section */

/* Begin PBXNativeTarget section */
		B6A91B311B482F2B0051B3DD /* LxTabBarControllerDemo */ = {
			isa = PBXNativeTarget;
			buildConfigurationList = B6A91B511B482F2B0051B3DD /* Build configuration list for PBXNativeTarget "LxTabBarControllerDemo" */;
			buildPhases = (
				B6A91B2E1B482F2B0051B3DD /* Sources */,
				B6A91B2F1B482F2B0051B3DD /* Frameworks */,
				B6A91B301B482F2B0051B3DD /* Resources */,
			);
			buildRules = (
			);
			dependencies = (
			);
			name = LxTabBarControllerDemo;
			productName = LxTabBarControllerDemo;
			productReference = B6A91B321B482F2B0051B3DD /* LxTabBarControllerDemo.app */;
			productType = "com.apple.product-type.application";
		};
/* End PBXNativeTarget section */

/* Begin PBXProject section */
		B6A91B2A1B482F2B0051B3DD /* Project object */ = {
			isa = PBXProject;
			attributes = {
				LastUpgradeCheck = 0630;
				ORGANIZATIONNAME = DeveloperLx;
				TargetAttributes = {
					B6A91B311B482F2B0051B3DD = {
						CreatedOnToolsVersion = 6.3;
					};
				};
			};
			buildConfigurationList = B6A91B2D1B482F2B0051B3DD /* Build configuration list for PBXProject "LxTabBarControllerDemo" */;
			compatibilityVersion = "Xcode 3.2";
			developmentRegion = English;
			hasScannedForEncodings = 0;
			knownRegions = (
				en,
				Base,
			);
			mainGroup = B6A91B291B482F2B0051B3DD;
			productRefGroup = B6A91B331B482F2B0051B3DD /* Products */;
			projectDirPath = "";
			projectRoot = "";
			targets = (
				B6A91B311B482F2B0051B3DD /* LxTabBarControllerDemo */,
			);
		};
/* End PBXProject section */

/* Begin PBXResourcesBuildPhase section */
		B6A91B301B482F2B0051B3DD /* Resources */ = {
			isa = PBXResourcesBuildPhase;
			buildActionMask = 2147483647;
			files = (
				B6A91B3D1B482F2B0051B3DD /* Main.storyboard in Resources */,
				B6A91B421B482F2B0051B3DD /* LaunchScreen.xib in Resources */,
				B6A91B3F1B482F2B0051B3DD /* Images.xcassets in Resources */,
			);
			runOnlyForDeploymentPostprocessing = 0;
		};
/* End PBXResourcesBuildPhase section */

/* Begin PBXSourcesBuildPhase section */
		B6A91B2E1B482F2B0051B3DD /* Sources */ = {
			isa = PBXSourcesBuildPhase;
			buildActionMask = 2147483647;
			files = (
				B639DB8F1B495ADD00DF6A81 /* LxTabBarController.swift in Sources */,
				B6A91B3A1B482F2B0051B3DD /* ViewController.swift in Sources */,
				B6A91B381B482F2B0051B3DD /* AppDelegate.swift in Sources */,
			);
			runOnlyForDeploymentPostprocessing = 0;
		};
/* End PBXSourcesBuildPhase section */

/* Begin PBXVariantGroup section */
		B6A91B3B1B482F2B0051B3DD /* Main.storyboard */ = {
			isa = PBXVariantGroup;
			children = (
				B6A91B3C1B482F2B0051B3DD /* Base */,
			);
			name = Main.storyboard;
			sourceTree = "<group>";
		};
		B6A91B401B482F2B0051B3DD /* LaunchScreen.xib */ = {
			isa = PBXVariantGroup;
			children = (
				B6A91B411B482F2B0051B3DD /* Base */,
			);
			name = LaunchScreen.xib;
			sourceTree = "<group>";
		};
/* End PBXVariantGroup section */

/* Begin XCBuildConfiguration section */
		B6A91B4F1B482F2B0051B3DD /* Debug */ = {
			isa = XCBuildConfiguration;
			buildSettings = {
				ALWAYS_SEARCH_USER_PATHS = NO;
				CLANG_CXX_LANGUAGE_STANDARD = "gnu++0x";
				CLANG_CXX_LIBRARY = "libc++";
				CLANG_ENABLE_MODULES = YES;
				CLANG_ENABLE_OBJC_ARC = YES;
				CLANG_WARN_BOOL_CONVERSION = YES;
				CLANG_WARN_CONSTANT_CONVERSION = YES;
				CLANG_WARN_DIRECT_OBJC_ISA_USAGE = YES_ERROR;
				CLANG_WARN_EMPTY_BODY = YES;
				CLANG_WARN_ENUM_CONVERSION = YES;
				CLANG_WARN_INT_CONVERSION = YES;
				CLANG_WARN_OBJC_ROOT_CLASS = YES_ERROR;
				CLANG_WARN_UNREACHABLE_CODE = YES;
				CLANG_WARN__DUPLICATE_METHOD_MATCH = YES;
				"CODE_SIGN_IDENTITY[sdk=iphoneos*]" = "iPhone Developer";
				COPY_PHASE_STRIP = NO;
				DEBUG_INFORMATION_FORMAT = "dwarf-with-dsym";
				ENABLE_STRICT_OBJC_MSGSEND = YES;
				GCC_C_LANGUAGE_STANDARD = gnu99;
				GCC_DYNAMIC_NO_PIC = NO;
				GCC_NO_COMMON_BLOCKS = YES;
				GCC_OPTIMIZATION_LEVEL = 0;
				GCC_PREPROCESSOR_DEFINITIONS = (
					"DEBUG=1",
					"$(inherited)",
				);
				GCC_SYMBOLS_PRIVATE_EXTERN = NO;
				GCC_WARN_64_TO_32_BIT_CONVERSION = YES;
				GCC_WARN_ABOUT_RETURN_TYPE = YES_ERROR;
				GCC_WARN_UNDECLARED_SELECTOR = YES;
				GCC_WARN_UNINITIALIZED_AUTOS = YES_AGGRESSIVE;
				GCC_WARN_UNUSED_FUNCTION = YES;
				GCC_WARN_UNUSED_VARIABLE = YES;
				IPHONEOS_DEPLOYMENT_TARGET = 8.3;
				MTL_ENABLE_DEBUG_INFO = YES;
				ONLY_ACTIVE_ARCH = YES;
				SDKROOT = iphoneos;
				SWIFT_OPTIMIZATION_LEVEL = "-Onone";
				TARGETED_DEVICE_FAMILY = "1,2";
			};
			name = Debug;
		};
		B6A91B501B482F2B0051B3DD /* Release */ = {
			isa = XCBuildConfiguration;
			buildSettings = {
				ALWAYS_SEARCH_USER_PATHS = NO;
				CLANG_CXX_LANGUAGE_STANDARD = "gnu++0x";
				CLANG_CXX_LIBRARY = "libc++";
				CLANG_ENABLE_MODULES = YES;
				CLANG_ENABLE_OBJC_ARC = YES;
				CLANG_WARN_BOOL_CONVERSION = YES;
				CLANG_WARN_CONSTANT_CONVERSION = YES;
				CLANG_WARN_DIRECT_OBJC_ISA_USAGE = YES_ERROR;
				CLANG_WARN_EMPTY_BODY = YES;
				CLANG_WARN_ENUM_CONVERSION = YES;
				CLANG_WARN_INT_CONVERSION = YES;
				CLANG_WARN_OBJC_ROOT_CLASS = YES_ERROR;
				CLANG_WARN_UNREACHABLE_CODE = YES;
				CLANG_WARN__DUPLICATE_METHOD_MATCH = YES;
				"CODE_SIGN_IDENTITY[sdk=iphoneos*]" = "iPhone Developer";
				COPY_PHASE_STRIP = NO;
				DEBUG_INFORMATION_FORMAT = "dwarf-with-dsym";
				ENABLE_NS_ASSERTIONS = NO;
				ENABLE_STRICT_OBJC_MSGSEND = YES;
				GCC_C_LANGUAGE_STANDARD = gnu99;
				GCC_NO_COMMON_BLOCKS = YES;
				GCC_WARN_64_TO_32_BIT_CONVERSION = YES;
				GCC_WARN_ABOUT_RETURN_TYPE = YES_ERROR;
				GCC_WARN_UNDECLARED_SELECTOR = YES;
				GCC_WARN_UNINITIALIZED_AUTOS = YES_AGGRESSIVE;
				GCC_WARN_UNUSED_FUNCTION = YES;
				GCC_WARN_UNUSED_VARIABLE = YES;
				IPHONEOS_DEPLOYMENT_TARGET = 8.3;
				MTL_ENABLE_DEBUG_INFO = NO;
				SDKROOT = iphoneos;
				TARGETED_DEVICE_FAMILY = "1,2";
				VALIDATE_PRODUCT = YES;
			};
			name = Release;
		};
		B6A91B521B482F2B0051B3DD /* Debug */ = {
			isa = XCBuildConfiguration;
			buildSettings = {
				ASSETCATALOG_COMPILER_APPICON_NAME = AppIcon;
				INFOPLIST_FILE = LxTabBarControllerDemo/Info.plist;
				LD_RUNPATH_SEARCH_PATHS = "$(inherited) @executable_path/Frameworks";
				PRODUCT_NAME = "$(TARGET_NAME)";
			};
			name = Debug;
		};
		B6A91B531B482F2B0051B3DD /* Release */ = {
			isa = XCBuildConfiguration;
			buildSettings = {
				ASSETCATALOG_COMPILER_APPICON_NAME = AppIcon;
				INFOPLIST_FILE = LxTabBarControllerDemo/Info.plist;
				LD_RUNPATH_SEARCH_PATHS = "$(inherited) @executable_path/Frameworks";
				PRODUCT_NAME = "$(TARGET_NAME)";
			};
			name = Release;
		};
/* End XCBuildConfiguration section */

/* Begin XCConfigurationList section */
		B6A91B2D1B482F2B0051B3DD /* Build configuration list for PBXProject "LxTabBarControllerDemo" */ = {
			isa = XCConfigurationList;
			buildConfigurations = (
				B6A91B4F1B482F2B0051B3DD /* Debug */,
				B6A91B501B482F2B0051B3DD /* Release */,
			);
			defaultConfigurationIsVisible = 0;
			defaultConfigurationName = Release;
		};
		B6A91B511B482F2B0051B3DD /* Build configuration list for PBXNativeTarget "LxTabBarControllerDemo" */ = {
			isa = XCConfigurationList;
			buildConfigurations = (
				B6A91B521B482F2B0051B3DD /* Debug */,
				B6A91B531B482F2B0051B3DD /* Release */,
			);
			defaultConfigurationIsVisible = 0;
			defaultConfigurationName = Release;
		};
/* End XCConfigurationList section */
	};
	rootObject = B6A91B2A1B482F2B0051B3DD /* Project object */;
}
